
Microsoft Visual Studio Solution File, Format Version 12.00
# Visual Studio Version 17
VisualStudioVersion = 17.14.36203.30 d17.14
MinimumVisualStudioVersion = 10.0.40219.1
Project("{FAE04EC0-301F-11D3-BF4B-00C04F79EFBC}") = "Csharp_step3", "Csharp_step3\Csharp_step3.csproj", "{B37A93D5-8667-47F1-A56B-683A6B3C49A5}"
EndProject
Global
	GlobalSection(SolutionConfigurationPlatforms) = preSolution
		Debug|Any CPU = Debug|Any CPU
		Release|Any CPU = Release|Any CPU
	EndGlobalSection
	GlobalSection(ProjectConfigurationPlatforms) = postSolution
		{B37A93D5-8667-47F1-A56B-683A6B3C49A5}.Debug|Any CPU.ActiveCfg = Debug|Any CPU
		{B37A93D5-8667-47F1-A56B-683A6B3C49A5}.Debug|Any CPU.Build.0 = Debug|Any CPU
		{B37A93D5-8667-47F1-A56B-683A6B3C49A5}.Release|Any CPU.ActiveCfg = Release|Any CPU
		{B37A93D5-8667-47F1-A56B-683A6B3C49A5}.Release|Any CPU.Build.0 = Release|Any CPU
	EndGlobalSection
	GlobalSection(SolutionProperties) = preSolution
		HideSolutionNode = FALSE
	EndGlobalSection
	GlobalSection(ExtensibilityGlobals) = postSolution
		SolutionGuid = {A4CFF6B2-7CFB-4327-8F62-9A49115AA197}
	EndGlobalSection
EndGlobal
